{
  "requires": true,
  "lockfileVersion": 1,
  "dependencies": {
    "@emotion/is-prop-valid": {
      "version": "0.7.3",
      "resolved": "https://registry.npmjs.org/@emotion/is-prop-valid/-/is-prop-valid-0.7.3.tgz",
      "integrity": "sha512-uxJqm/sqwXw3YPA5GXX365OBcJGFtxUVkB6WyezqFHlNe9jqUWH5ur2O2M8dGBz61kn1g3ZBlzUunFQXQIClhA==",
      "requires": {
        "@emotion/memoize": "0.7.1"
      }
    },
    "@emotion/memoize": {
      "version": "0.7.1",
      "resolved": "https://registry.npmjs.org/@emotion/memoize/-/memoize-0.7.1.tgz",
      "integrity": "sha512-Qv4LTqO11jepd5Qmlp3M1YEjBumoTHcHFdgPTQ+sFlIL5myi/7xu/POwP7IRu6odBdmLXdtIs1D6TuW6kbwbbg=="
    },
    "@popmotion/easing": {
      "version": "1.0.2",
      "resolved": "https://registry.npmjs.org/@popmotion/easing/-/easing-1.0.2.tgz",
      "integrity": "sha512-IkdW0TNmRnWTeWI7aGQIVDbKXPWHVEYdGgd5ZR4SH/Ty/61p63jCjrPxX1XrR7IGkl08bjhJROStD7j+RKgoIw=="
    },
    "@popmotion/popcorn": {
      "version": "0.3.1",
      "resolved": "https://registry.npmjs.org/@popmotion/popcorn/-/popcorn-0.3.1.tgz",
      "integrity": "sha512-TRhDPxfzM4CrUff2ELyzDj6xSEp5fcmbnrTO0VkmrN/TxJrAzP2H/VfIDRQQy82Yn65Vwn1ohrIi8eZLqzrCMA==",
      "requires": {
        "@popmotion/easing": "^1.0.1",
        "framesync": "^4.0.1",
        "hey-listen": "^1.0.5",
        "style-value-types": "^3.0.7"
      }
    },
    "@types/invariant": {
      "version": "2.2.29",
      "resolved": "https://registry.npmjs.org/@types/invariant/-/invariant-2.2.29.tgz",
      "integrity": "sha512-lRVw09gOvgviOfeUrKc/pmTiRZ7g7oDOU6OAutyuSHpm1/o2RaBQvRhgK8QEdu+FFuw/wnWb29A/iuxv9i8OpQ=="
    },
    "@types/node": {
      "version": "10.12.30",
      "resolved": "https://registry.npmjs.org/@types/node/-/node-10.12.30.tgz",
      "integrity": "sha512-nsqTN6zUcm9xtdJiM9OvOJ5EF0kOI8f1Zuug27O/rgtxCRJHGqncSWfCMZUP852dCKPsDsYXGvBhxfRjDBkF5Q=="
    },
    "framesync": {
      "version": "4.0.2",
      "resolved": "https://registry.npmjs.org/framesync/-/framesync-4.0.2.tgz",
      "integrity": "sha512-hQLD5NURHmzB4Symo6JJ5HDw2TWwhr6T3gw9aChNMsZvkxcD8U8Gcz/hllAOOMGE+HO3ScpRPahpXDQRgF19JQ==",
      "requires": {
        "hey-listen": "^1.0.5"
      }
    },
    "hey-listen": {
      "version": "1.0.5",
      "resolved": "https://registry.npmjs.org/hey-listen/-/hey-listen-1.0.5.tgz",
      "integrity": "sha512-O2iCNxBBGb4hOxL9tUdnoPwDYmZhQ29t5xKV74BVZNdvwCDXCpVYTJ4yoaibc1V0I8Yw3K3nwmvDpoyjnCqUaw=="
    },
    "popmotion": {
      "version": "8.6.3",
      "resolved": "https://registry.npmjs.org/popmotion/-/popmotion-8.6.3.tgz",
      "integrity": "sha512-+KbWUBBow6ynoG/N1Ny2aqc6ZDaoBtkeEmpl3LfhmLqOo/WKYMY/HF4t9QmXwv/gJRqkUKmzS6NKDkkAodghAA==",
      "requires": {
        "@popmotion/easing": "^1.0.1",
        "@popmotion/popcorn": "^0.3.0",
        "framesync": "^4.0.0",
        "hey-listen": "^1.0.5",
        "style-value-types": "^3.0.6",
        "stylefire": "^2.3.4",
        "tslib": "^1.9.1"
      }
    },
    "popmotion-pose": {
      "version": "3.4.6",
      "resolved": "https://registry.npmjs.org/popmotion-pose/-/popmotion-pose-3.4.6.tgz",
      "integrity": "sha512-ZlRj4dWlJcZvr/84Xh+P+w9lxZVfTU3pJ+u1TkYu+y7Mq4yDXgPlarjgth2qeI4U5VylvTfWSvzwSjEXy8OPxg==",
      "requires": {
        "@popmotion/easing": "^1.0.1",
        "hey-listen": "^1.0.5",
        "popmotion": "^8.6.2",
        "pose-core": "^2.1.0",
        "style-value-types": "^3.0.6",
        "ts-essentials": "^1.0.3",
        "tslib": "^1.9.1"
      }
    },
    "pose-core": {
      "version": "2.1.0",
      "resolved": "https://registry.npmjs.org/pose-core/-/pose-core-2.1.0.tgz",
      "integrity": "sha512-36mVAnIgbM6jfyRug8EqqFbazHUAk9dxwVRpX61FlVw3amI/j7AFegtVU56N0Dht2aYDJIhgYPUYraT1CzjHDw==",
      "requires": {
        "@types/invariant": "^2.2.29",
        "@types/node": "^10.0.5",
        "hey-listen": "^1.0.5",
        "tslib": "^1.9.1"
      }
    },
    "react-pose": {
      "version": "4.0.8",
      "resolved": "https://registry.npmjs.org/react-pose/-/react-pose-4.0.8.tgz",
      "integrity": "sha512-WN/583nKJZkKmKg5ha+eErOGWF9GV6A5EngC7WHQX5b910X9rTlOlxzdKlUy/dDcsTRMZEtHV0Sy2gLPYsVQCQ==",
      "requires": {
        "@emotion/is-prop-valid": "^0.7.3",
        "hey-listen": "^1.0.5",
        "popmotion-pose": "^3.4.0",
        "tslib": "^1.9.1"
      }
    },
    "style-value-types": {
      "version": "3.0.7",
      "resolved": "https://registry.npmjs.org/style-value-types/-/style-value-types-3.0.7.tgz",
      "integrity": "sha512-7vzeicDiPNnJjvTYfJbQhZ7P3OCkXfvkJOJQ+ifFnXNTA/7KBxMZacHLvlRjM5/TtXbVdrZE6u+2nzSUSPrbSQ=="
    },
    "stylefire": {
      "version": "2.4.3",
      "resolved": "https://registry.npmjs.org/stylefire/-/stylefire-2.4.3.tgz",
      "integrity": "sha512-8rckFzuDlVWSyrkmnyTg8avadQavk2t6YkFKUUocsXoj/8NScOjb+/avbB4nrmoPtzD0kN7IyuhKq8jimIBTBQ==",
      "requires": {
        "framesync": "^4.0.0",
        "hey-listen": "^1.0.4",
        "style-value-types": "^3.0.6"
      }
    },
    "ts-essentials": {
      "version": "1.0.4",
      "resolved": "https://registry.npmjs.org/ts-essentials/-/ts-essentials-1.0.4.tgz",
      "integrity": "sha512-q3N1xS4vZpRouhYHDPwO0bDW3EZ6SK9CrrDHxi/D6BPReSjpVgWIOpLS2o0gSBZm+7q/wyKp6RVM1AeeW7uyfQ=="
    },
    "tslib": {
      "version": "1.9.3",
      "resolved": "https://registry.npmjs.org/tslib/-/tslib-1.9.3.tgz",
      "integrity": "sha512-4krF8scpejhaOgqzBEcGM7yDIEfi0/8+8zDRZhNZZ2kjmHJ4hv3zCbQWxoJGz1iw5U0Jl0nma13xzHXcncMavQ=="
    }
  }
}
